
Microsoft Visual Studio Solution File, Format Version 12.00
# Visual Studio Version 17
VisualStudioVersion = 17.13.35919.96 d17.13
MinimumVisualStudioVersion = 10.0.40219.1
Project("{FAE04EC0-301F-11D3-BF4B-00C04F79EFBC}") = "AcademiaX", "AcademiaX\AcademiaX.csproj", "{3F5BA610-588D-49DE-B16E-F96ADED2CD94}"
EndProject
Project("{FAE04EC0-301F-11D3-BF4B-00C04F79EFBC}") = "AcademiaX_Data_Access", "AcademiaX_Data_Access\AcademiaX_Data_Access.csproj", "{78E11832-C7E2-4847-9E3F-05B514368909}"
EndProject
Project("{FAE04EC0-301F-11D3-BF4B-00C04F79EFBC}") = "AcademiaX_Core", "AcademiaX_Core\AcademiaX_Core.csproj", "{AD4356FD-39C3-4CC2-A0C9-B40E3F89F243}"
EndProject
Project("{FAE04EC0-301F-11D3-BF4B-00C04F79EFBC}") = "AcademiaX_Business", "AcademiaX_Business\AcademiaX_Business.csproj", "{F1C7DA5E-E38D-4B1F-B8CE-8A35B8D8E190}"
EndProject
Global
	GlobalSection(SolutionConfigurationPlatforms) = preSolution
		Debug|Any CPU = Debug|Any CPU
		Release|Any CPU = Release|Any CPU
	EndGlobalSection
	GlobalSection(ProjectConfigurationPlatforms) = postSolution
		{3F5BA610-588D-49DE-B16E-F96ADED2CD94}.Debug|Any CPU.ActiveCfg = Debug|Any CPU
		{3F5BA610-588D-49DE-B16E-F96ADED2CD94}.Debug|Any CPU.Build.0 = Debug|Any CPU
		{3F5BA610-588D-49DE-B16E-F96ADED2CD94}.Release|Any CPU.ActiveCfg = Release|Any CPU
		{3F5BA610-588D-49DE-B16E-F96ADED2CD94}.Release|Any CPU.Build.0 = Release|Any CPU
		{78E11832-C7E2-4847-9E3F-05B514368909}.Debug|Any CPU.ActiveCfg = Debug|Any CPU
		{78E11832-C7E2-4847-9E3F-05B514368909}.Debug|Any CPU.Build.0 = Debug|Any CPU
		{78E11832-C7E2-4847-9E3F-05B514368909}.Release|Any CPU.ActiveCfg = Release|Any CPU
		{78E11832-C7E2-4847-9E3F-05B514368909}.Release|Any CPU.Build.0 = Release|Any CPU
		{AD4356FD-39C3-4CC2-A0C9-B40E3F89F243}.Debug|Any CPU.ActiveCfg = Debug|Any CPU
		{AD4356FD-39C3-4CC2-A0C9-B40E3F89F243}.Debug|Any CPU.Build.0 = Debug|Any CPU
		{AD4356FD-39C3-4CC2-A0C9-B40E3F89F243}.Release|Any CPU.ActiveCfg = Release|Any CPU
		{AD4356FD-39C3-4CC2-A0C9-B40E3F89F243}.Release|Any CPU.Build.0 = Release|Any CPU
		{F1C7DA5E-E38D-4B1F-B8CE-8A35B8D8E190}.Debug|Any CPU.ActiveCfg = Debug|Any CPU
		{F1C7DA5E-E38D-4B1F-B8CE-8A35B8D8E190}.Debug|Any CPU.Build.0 = Debug|Any CPU
		{F1C7DA5E-E38D-4B1F-B8CE-8A35B8D8E190}.Release|Any CPU.ActiveCfg = Release|Any CPU
		{F1C7DA5E-E38D-4B1F-B8CE-8A35B8D8E190}.Release|Any CPU.Build.0 = Release|Any CPU
	EndGlobalSection
	GlobalSection(SolutionProperties) = preSolution
		HideSolutionNode = FALSE
	EndGlobalSection
	GlobalSection(ExtensibilityGlobals) = postSolution
		SolutionGuid = {4B836987-94FA-411B-BED5-79376D07C595}
	EndGlobalSection
EndGlobal
